
Microsoft Visual Studio Solution File, Format Version 12.00
# Visual Studio Version 17
VisualStudioVersion = 17.3.32922.545
MinimumVisualStudioVersion = 10.0.40219.1
Project("{FAE04EC0-301F-11D3-BF4B-00C04F79EFBC}") = "UniversityRegistrationSystem(Current)", "University Registration System(Current)\UniversityRegistrationSystem(Current).csproj", "{6999FBFD-D825-42A3-B775-A0A5062BDF5A}"
EndProject
Project("{FAE04EC0-301F-11D3-BF4B-00C04F79EFBC}") = "RepositoryLibrary", "RepositoryLibrary\RepositoryLibrary.csproj", "{098C1939-280F-4447-92A8-BC0549AA6C36}"
EndProject
Project("{FAE04EC0-301F-11D3-BF4B-00C04F79EFBC}") = "ServiceLibrary", "ServiceLibrary\ServiceLibrary.csproj", "{8AD0AD33-F130-4F60-941C-BBCC6D9B588C}"
EndProject
Global
	GlobalSection(SolutionConfigurationPlatforms) = preSolution
		Debug|Any CPU = Debug|Any CPU
		Release|Any CPU = Release|Any CPU
	EndGlobalSection
	GlobalSection(ProjectConfigurationPlatforms) = postSolution
		{6999FBFD-D825-42A3-B775-A0A5062BDF5A}.Debug|Any CPU.ActiveCfg = Debug|Any CPU
		{6999FBFD-D825-42A3-B775-A0A5062BDF5A}.Debug|Any CPU.Build.0 = Debug|Any CPU
		{6999FBFD-D825-42A3-B775-A0A5062BDF5A}.Release|Any CPU.ActiveCfg = Release|Any CPU
		{6999FBFD-D825-42A3-B775-A0A5062BDF5A}.Release|Any CPU.Build.0 = Release|Any CPU
		{098C1939-280F-4447-92A8-BC0549AA6C36}.Debug|Any CPU.ActiveCfg = Debug|Any CPU
		{098C1939-280F-4447-92A8-BC0549AA6C36}.Debug|Any CPU.Build.0 = Debug|Any CPU
		{098C1939-280F-4447-92A8-BC0549AA6C36}.Release|Any CPU.ActiveCfg = Release|Any CPU
		{098C1939-280F-4447-92A8-BC0549AA6C36}.Release|Any CPU.Build.0 = Release|Any CPU
		{8AD0AD33-F130-4F60-941C-BBCC6D9B588C}.Debug|Any CPU.ActiveCfg = Debug|Any CPU
		{8AD0AD33-F130-4F60-941C-BBCC6D9B588C}.Debug|Any CPU.Build.0 = Debug|Any CPU
		{8AD0AD33-F130-4F60-941C-BBCC6D9B588C}.Release|Any CPU.ActiveCfg = Release|Any CPU
		{8AD0AD33-F130-4F60-941C-BBCC6D9B588C}.Release|Any CPU.Build.0 = Release|Any CPU
	EndGlobalSection
	GlobalSection(SolutionProperties) = preSolution
		HideSolutionNode = FALSE
	EndGlobalSection
	GlobalSection(ExtensibilityGlobals) = postSolution
		SolutionGuid = {D20AF6BA-91E2-43EB-8BEA-B263AB0FA788}
	EndGlobalSection
EndGlobal
